
Microsoft Visual Studio Solution File, Format Version 12.00
# Visual Studio Version 17
VisualStudioVersion = 17.4.33403.182
MinimumVisualStudioVersion = 10.0.40219.1
Project("{8BC9CEB8-8B4A-11D0-8D11-00A0C91BC942}") = "Sandbox", "Sandbox\Sandbox.vcxproj", "{AEB576FF-5C22-4527-9533-8876E31E66F5}"
EndProject
Project("{8BC9CEB8-8B4A-11D0-8D11-00A0C91BC942}") = "Petal", "Petal\Petal.vcxproj", "{BFAE2F09-EFB7-4695-9771-DCF419EA9526}"
EndProject
Global
	GlobalSection(SolutionConfigurationPlatforms) = preSolution
		Debug|x64 = Debug|x64
		Release|x64 = Release|x64
	EndGlobalSection
	GlobalSection(ProjectConfigurationPlatforms) = postSolution
		{BFAE2F09-EFB7-4695-9771-DCF419EA9526}.Debug|x64.ActiveCfg = Debug|x64
		{BFAE2F09-EFB7-4695-9771-DCF419EA9526}.Debug|x64.Build.0 = Debug|x64
		{BFAE2F09-EFB7-4695-9771-DCF419EA9526}.Release|x64.ActiveCfg = Release|x64
		{BFAE2F09-EFB7-4695-9771-DCF419EA9526}.Release|x64.Build.0 = Release|x64
		{AEB576FF-5C22-4527-9533-8876E31E66F5}.Debug|x64.ActiveCfg = Debug|x64
		{AEB576FF-5C22-4527-9533-8876E31E66F5}.Debug|x64.Build.0 = Debug|x64
		{AEB576FF-5C22-4527-9533-8876E31E66F5}.Release|x64.ActiveCfg = Release|x64
		{AEB576FF-5C22-4527-9533-8876E31E66F5}.Release|x64.Build.0 = Release|x64
	EndGlobalSection
	GlobalSection(SolutionProperties) = preSolution
		HideSolutionNode = FALSE
	EndGlobalSection
	GlobalSection(ExtensibilityGlobals) = postSolution
		SolutionGuid = {F0A02F40-D64B-4B1F-9DCF-851465122F8A}
	EndGlobalSection
EndGlobal
