<?xml version="1.0" encoding="utf-8"?>
<Project ToolsVersion="4.0" xmlns="http://schemas.microsoft.com/developer/msbuild/2003">
  <ItemGroup>
    <Filter Include="Petal">
      <UniqueIdentifier>{1B05E00D-8719-08BF-509B-AB1EBC6E04F0}</UniqueIdentifier>
    </Filter>
  </ItemGroup>
  <ItemGroup>
    <ClInclude Include="src\Petal.h" />
    <ClInclude Include="src\Petal\Application.h">
      <Filter>Petal</Filter>
    </ClInclude>
    <ClInclude Include="src\Petal\Core.h">
      <Filter>Petal</Filter>
    </ClInclude>
    <ClInclude Include="src\Petal\EntryPoint.h">
      <Filter>Petal</Filter>
    </ClInclude>
    <ClInclude Include="src\Petal\Log.h">
      <Filter>Petal</Filter>
    </ClInclude>
  </ItemGroup>
  <ItemGroup>
    <ClCompile Include="src\Petal\Application.cpp">
      <Filter>Petal</Filter>
    </ClCompile>
    <ClCompile Include="src\Petal\Log.cpp">
      <Filter>Petal</Filter>
    </ClCompile>
  </ItemGroup>
</Project>